
Microsoft Visual Studio Solution File, Format Version 12.00
# Visual Studio Version 17
VisualStudioVersion = 17.10.35201.131
MinimumVisualStudioVersion = 10.0.40219.1
Project("{FAE04EC0-301F-11D3-BF4B-00C04F79EFBC}") = "EldenBoost", "EldenBoost\EldenBoost.csproj", "{3B0CDE63-E35B-4DEF-A869-D01881CDA9DE}"
EndProject
Project("{FAE04EC0-301F-11D3-BF4B-00C04F79EFBC}") = "EldenBoost.Infrastructure", "EldenBoost.Infrastructure\EldenBoost.Infrastructure.csproj", "{42C3152B-3524-4756-A34F-035EB61D4B04}"
EndProject
Global
	GlobalSection(SolutionConfigurationPlatforms) = preSolution
		Debug|Any CPU = Debug|Any CPU
		Release|Any CPU = Release|Any CPU
	EndGlobalSection
	GlobalSection(ProjectConfigurationPlatforms) = postSolution
		{3B0CDE63-E35B-4DEF-A869-D01881CDA9DE}.Debug|Any CPU.ActiveCfg = Debug|Any CPU
		{3B0CDE63-E35B-4DEF-A869-D01881CDA9DE}.Debug|Any CPU.Build.0 = Debug|Any CPU
		{3B0CDE63-E35B-4DEF-A869-D01881CDA9DE}.Release|Any CPU.ActiveCfg = Release|Any CPU
		{3B0CDE63-E35B-4DEF-A869-D01881CDA9DE}.Release|Any CPU.Build.0 = Release|Any CPU
		{42C3152B-3524-4756-A34F-035EB61D4B04}.Debug|Any CPU.ActiveCfg = Debug|Any CPU
		{42C3152B-3524-4756-A34F-035EB61D4B04}.Debug|Any CPU.Build.0 = Debug|Any CPU
		{42C3152B-3524-4756-A34F-035EB61D4B04}.Release|Any CPU.ActiveCfg = Release|Any CPU
		{42C3152B-3524-4756-A34F-035EB61D4B04}.Release|Any CPU.Build.0 = Release|Any CPU
	EndGlobalSection
	GlobalSection(SolutionProperties) = preSolution
		HideSolutionNode = FALSE
	EndGlobalSection
	GlobalSection(ExtensibilityGlobals) = postSolution
		SolutionGuid = {A5FFBD80-089E-4D61-81A3-9F1655D596D4}
	EndGlobalSection
EndGlobal
